// !$*UTF8*$!
{
	archiveVersion = 1;
	classes = {
	};
	objectVersion = 48;
	objects = {

/* Begin PBXBuildFile section */
		85B1F1FB205C1C24001E8F76 /* AppDelegate.swift in Sources */ = {isa = PBXBuildFile; fileRef = 85B1F1FA205C1C24001E8F76 /* AppDelegate.swift */; };
		85B1F1FD205C1C24001E8F76 /* ViewController.swift in Sources */ = {isa = PBXBuildFile; fileRef = 85B1F1FC205C1C24001E8F76 /* ViewController.swift */; };
		85B1F200205C1C24001E8F76 /* Main.storyboard in Resources */ = {isa = PBXBuildFile; fileRef = 85B1F1FE205C1C24001E8F76 /* Main.storyboard */; };
		85B1F202205C1C24001E8F76 /* Assets.xcassets in Resources */ = {isa = PBXBuildFile; fileRef = 85B1F201205C1C24001E8F76 /* Assets.xcassets */; };
		85B1F205205C1C24001E8F76 /* LaunchScreen.storyboard in Resources */ = {isa = PBXBuildFile; fileRef = 85B1F203205C1C24001E8F76 /* LaunchScreen.storyboard */; };
		85B1F214205C1D7A001E8F76 /* BBNetworkManager.swift in Sources */ = {isa = PBXBuildFile; fileRef = 85B1F213205C1D7A001E8F76 /* BBNetworkManager.swift */; };
		85B1F216205C1D9B001E8F76 /* BBFacebookManager.swift in Sources */ = {isa = PBXBuildFile; fileRef = 85B1F215205C1D9B001E8F76 /* BBFacebookManager.swift */; };
		D3BC6FF84E8F8CEA22FB1CF9 /* Pods_BestToBiz.framework in Frameworks */ = {isa = PBXBuildFile; fileRef = A4408C6B4480D59B637F4B14 /* Pods_BestToBiz.framework */; };
/* End PBXBuildFile section */

/* Begin PBXFileReference section */
		5B48F5B1D9CA1699BF91EE52 /* Pods-BestToBiz.debug.xcconfig */ = {isa = PBXFileReference; includeInIndex = 1; lastKnownFileType = text.xcconfig; name = "Pods-BestToBiz.debug.xcconfig"; path = "Pods/Target Support Files/Pods-BestToBiz/Pods-BestToBiz.debug.xcconfig"; sourceTree = "<group>"; };
		5DAE6AB444083D391CF50C0D /* Pods-BestToBiz.release.xcconfig */ = {isa = PBXFileReference; includeInIndex = 1; lastKnownFileType = text.xcconfig; name = "Pods-BestToBiz.release.xcconfig"; path = "Pods/Target Support Files/Pods-BestToBiz/Pods-BestToBiz.release.xcconfig"; sourceTree = "<group>"; };
		85B1F1F7205C1C24001E8F76 /* BestToBiz.app */ = {isa = PBXFileReference; explicitFileType = wrapper.application; includeInIndex = 0; path = BestToBiz.app; sourceTree = BUILT_PRODUCTS_DIR; };
		85B1F1FA205C1C24001E8F76 /* AppDelegate.swift */ = {isa = PBXFileReference; lastKnownFileType = sourcecode.swift; path = AppDelegate.swift; sourceTree = "<group>"; };
		85B1F1FC205C1C24001E8F76 /* ViewController.swift */ = {isa = PBXFileReference; lastKnownFileType = sourcecode.swift; path = ViewController.swift; sourceTree = "<group>"; };
		85B1F1FF205C1C24001E8F76 /* Base */ = {isa = PBXFileReference; lastKnownFileType = file.storyboard; name = Base; path = Base.lproj/Main.storyboard; sourceTree = "<group>"; };
		85B1F201205C1C24001E8F76 /* Assets.xcassets */ = {isa = PBXFileReference; lastKnownFileType = folder.assetcatalog; path = Assets.xcassets; sourceTree = "<group>"; };
		85B1F204205C1C24001E8F76 /* Base */ = {isa = PBXFileReference; lastKnownFileType = file.storyboard; name = Base; path = Base.lproj/LaunchScreen.storyboard; sourceTree = "<group>"; };
		85B1F206205C1C24001E8F76 /* Info.plist */ = {isa = PBXFileReference; lastKnownFileType = text.plist.xml; path = Info.plist; sourceTree = "<group>"; };
		85B1F213205C1D7A001E8F76 /* BBNetworkManager.swift */ = {isa = PBXFileReference; lastKnownFileType = sourcecode.swift; path = BBNetworkManager.swift; sourceTree = "<group>"; };
		85B1F215205C1D9B001E8F76 /* BBFacebookManager.swift */ = {isa = PBXFileReference; lastKnownFileType = sourcecode.swift; path = BBFacebookManager.swift; sourceTree = "<group>"; };
		A4408C6B4480D59B637F4B14 /* Pods_BestToBiz.framework */ = {isa = PBXFileReference; explicitFileType = wrapper.framework; includeInIndex = 0; path = Pods_BestToBiz.framework; sourceTree = BUILT_PRODUCTS_DIR; };
/* End PBXFileReference section */

/* Begin PBXFrameworksBuildPhase section */
		85B1F1F4205C1C24001E8F76 /* Frameworks */ = {
			isa = PBXFrameworksBuildPhase;
			buildActionMask = 2147483647;
			files = (
				D3BC6FF84E8F8CEA22FB1CF9 /* Pods_BestToBiz.framework in Frameworks */,
			);
			runOnlyForDeploymentPostprocessing = 0;
		};
/* End PBXFrameworksBuildPhase section */

/* Begin PBXGroup section */
		85B1F1EE205C1C24001E8F76 = {
			isa = PBXGroup;
			children = (
				85B1F1F9205C1C24001E8F76 /* BestToBiz */,
				85B1F1F8205C1C24001E8F76 /* Products */,
				E25DA95DBF69C98E9F1072EF /* Pods */,
				8E096E94DAB1F1A731EDDFE3 /* Frameworks */,
			);
			sourceTree = "<group>";
		};
		85B1F1F8205C1C24001E8F76 /* Products */ = {
			isa = PBXGroup;
			children = (
				85B1F1F7205C1C24001E8F76 /* BestToBiz.app */,
			);
			name = Products;
			sourceTree = "<group>";
		};
		85B1F1F9205C1C24001E8F76 /* BestToBiz */ = {
			isa = PBXGroup;
			children = (
				85B1F20F205C1CB2001E8F76 /* Managers */,
				85B1F20E205C1C92001E8F76 /* Resources */,
				85B1F20D205C1C67001E8F76 /* Models */,
				85B1F20C205C1C5B001E8F76 /* Scenes */,
				85B1F1FA205C1C24001E8F76 /* AppDelegate.swift */,
				85B1F1FC205C1C24001E8F76 /* ViewController.swift */,
				85B1F1FE205C1C24001E8F76 /* Main.storyboard */,
				85B1F201205C1C24001E8F76 /* Assets.xcassets */,
				85B1F203205C1C24001E8F76 /* LaunchScreen.storyboard */,
				85B1F206205C1C24001E8F76 /* Info.plist */,
			);
			path = BestToBiz;
			sourceTree = "<group>";
		};
		85B1F20C205C1C5B001E8F76 /* Scenes */ = {
			isa = PBXGroup;
			children = (
			);
			path = Scenes;
			sourceTree = "<group>";
		};
		85B1F20D205C1C67001E8F76 /* Models */ = {
			isa = PBXGroup;
			children = (
			);
			path = Models;
			sourceTree = "<group>";
		};
		85B1F20E205C1C92001E8F76 /* Resources */ = {
			isa = PBXGroup;
			children = (
				85B1F212205C1D21001E8F76 /* Localization */,
				85B1F211205C1D08001E8F76 /* Constants */,
				85B1F210205C1CDB001E8F76 /* Storyboards */,
			);
			path = Resources;
			sourceTree = "<group>";
		};
		85B1F20F205C1CB2001E8F76 /* Managers */ = {
			isa = PBXGroup;
			children = (
				85B1F213205C1D7A001E8F76 /* BBNetworkManager.swift */,
				85B1F215205C1D9B001E8F76 /* BBFacebookManager.swift */,
			);
			path = Managers;
			sourceTree = "<group>";
		};
		85B1F210205C1CDB001E8F76 /* Storyboards */ = {
			isa = PBXGroup;
			children = (
			);
			path = Storyboards;
			sourceTree = "<group>";
		};
		85B1F211205C1D08001E8F76 /* Constants */ = {
			isa = PBXGroup;
			children = (
			);
			path = Constants;
			sourceTree = "<group>";
		};
		85B1F212205C1D21001E8F76 /* Localization */ = {
			isa = PBXGroup;
			children = (
			);
			path = Localization;
			sourceTree = "<group>";
		};
		8E096E94DAB1F1A731EDDFE3 /* Frameworks */ = {
			isa = PBXGroup;
			children = (
				A4408C6B4480D59B637F4B14 /* Pods_BestToBiz.framework */,
			);
			name = Frameworks;
			sourceTree = "<group>";
		};
		E25DA95DBF69C98E9F1072EF /* Pods */ = {
			isa = PBXGroup;
			children = (
				5B48F5B1D9CA1699BF91EE52 /* Pods-BestToBiz.debug.xcconfig */,
				5DAE6AB444083D391CF50C0D /* Pods-BestToBiz.release.xcconfig */,
			);
			name = Pods;
			sourceTree = "<group>";
		};
/* End PBXGroup section */

/* Begin PBXNativeTarget section */
		85B1F1F6205C1C24001E8F76 /* BestToBiz */ = {
			isa = PBXNativeTarget;
			buildConfigurationList = 85B1F209205C1C24001E8F76 /* Build configuration list for PBXNativeTarget "BestToBiz" */;
			buildPhases = (
				1CE514EDB94D4906D1D19892 /* [CP] Check Pods Manifest.lock */,
				85B1F1F3205C1C24001E8F76 /* Sources */,
				85B1F1F4205C1C24001E8F76 /* Frameworks */,
				85B1F1F5205C1C24001E8F76 /* Resources */,
				51DBC46FA949CC744A3EE511 /* [CP] Embed Pods Frameworks */,
				82E5E75121982FE0C81DC4A6 /* [CP] Copy Pods Resources */,
			);
			buildRules = (
			);
			dependencies = (
			);
			name = BestToBiz;
			productName = BestToBiz;
			productReference = 85B1F1F7205C1C24001E8F76 /* BestToBiz.app */;
			productType = "com.apple.product-type.application";
		};
/* End PBXNativeTarget section */

/* Begin PBXProject section */
		85B1F1EF205C1C24001E8F76 /* Project object */ = {
			isa = PBXProject;
			attributes = {
				CLASSPREFIX = BB;
				LastSwiftUpdateCheck = 0920;
				LastUpgradeCheck = 0920;
				ORGANIZATIONNAME = Gemicle;
				TargetAttributes = {
					85B1F1F6205C1C24001E8F76 = {
						CreatedOnToolsVersion = 9.2;
						ProvisioningStyle = Automatic;
					};
				};
			};
			buildConfigurationList = 85B1F1F2205C1C24001E8F76 /* Build configuration list for PBXProject "BestToBiz" */;
			compatibilityVersion = "Xcode 8.0";
			developmentRegion = en;
			hasScannedForEncodings = 0;
			knownRegions = (
				en,
				Base,
			);
			mainGroup = 85B1F1EE205C1C24001E8F76;
			productRefGroup = 85B1F1F8205C1C24001E8F76 /* Products */;
			projectDirPath = "";
			projectRoot = "";
			targets = (
				85B1F1F6205C1C24001E8F76 /* BestToBiz */,
			);
		};
/* End PBXProject section */

/* Begin PBXResourcesBuildPhase section */
		85B1F1F5205C1C24001E8F76 /* Resources */ = {
			isa = PBXResourcesBuildPhase;
			buildActionMask = 2147483647;
			files = (
				85B1F205205C1C24001E8F76 /* LaunchScreen.storyboard in Resources */,
				85B1F202205C1C24001E8F76 /* Assets.xcassets in Resources */,
				85B1F200205C1C24001E8F76 /* Main.storyboard in Resources */,
			);
			runOnlyForDeploymentPostprocessing = 0;
		};
/* End PBXResourcesBuildPhase section */

/* Begin PBXShellScriptBuildPhase section */
		1CE514EDB94D4906D1D19892 /* [CP] Check Pods Manifest.lock */ = {
			isa = PBXShellScriptBuildPhase;
			buildActionMask = 2147483647;
			files = (
			);
			inputPaths = (
				"${PODS_PODFILE_DIR_PATH}/Podfile.lock",
				"${PODS_ROOT}/Manifest.lock",
			);
			name = "[CP] Check Pods Manifest.lock";
			outputPaths = (
				"$(DERIVED_FILE_DIR)/Pods-BestToBiz-checkManifestLockResult.txt",
			);
			runOnlyForDeploymentPostprocessing = 0;
			shellPath = /bin/sh;
			shellScript = "diff \"${PODS_PODFILE_DIR_PATH}/Podfile.lock\" \"${PODS_ROOT}/Manifest.lock\" > /dev/null\nif [ $? != 0 ] ; then\n    # print error to STDERR\n    echo \"error: The sandbox is not in sync with the Podfile.lock. Run 'pod install' or update your CocoaPods installation.\" >&2\n    exit 1\nfi\n# This output is used by Xcode 'outputs' to avoid re-running this script phase.\necho \"SUCCESS\" > \"${SCRIPT_OUTPUT_FILE_0}\"\n";
			showEnvVarsInLog = 0;
		};
		51DBC46FA949CC744A3EE511 /* [CP] Embed Pods Frameworks */ = {
			isa = PBXShellScriptBuildPhase;
			buildActionMask = 2147483647;
			files = (
			);
			inputPaths = (
				"${SRCROOT}/Pods/Target Support Files/Pods-BestToBiz/Pods-BestToBiz-frameworks.sh",
				"${BUILT_PRODUCTS_DIR}/Bolts/Bolts.framework",
				"${BUILT_PRODUCTS_DIR}/FBSDKCoreKit/FBSDKCoreKit.framework",
				"${BUILT_PRODUCTS_DIR}/FBSDKLoginKit/FBSDKLoginKit.framework",
				"${BUILT_PRODUCTS_DIR}/FBSDKShareKit/FBSDKShareKit.framework",
				"${BUILT_PRODUCTS_DIR}/FacebookCore/FacebookCore.framework",
				"${BUILT_PRODUCTS_DIR}/FacebookLogin/FacebookLogin.framework",
				"${BUILT_PRODUCTS_DIR}/FacebookShare/FacebookShare.framework",
			);
			name = "[CP] Embed Pods Frameworks";
			outputPaths = (
				"${TARGET_BUILD_DIR}/${FRAMEWORKS_FOLDER_PATH}/Bolts.framework",
				"${TARGET_BUILD_DIR}/${FRAMEWORKS_FOLDER_PATH}/FBSDKCoreKit.framework",
				"${TARGET_BUILD_DIR}/${FRAMEWORKS_FOLDER_PATH}/FBSDKLoginKit.framework",
				"${TARGET_BUILD_DIR}/${FRAMEWORKS_FOLDER_PATH}/FBSDKShareKit.framework",
				"${TARGET_BUILD_DIR}/${FRAMEWORKS_FOLDER_PATH}/FacebookCore.framework",
				"${TARGET_BUILD_DIR}/${FRAMEWORKS_FOLDER_PATH}/FacebookLogin.framework",
				"${TARGET_BUILD_DIR}/${FRAMEWORKS_FOLDER_PATH}/FacebookShare.framework",
			);
			runOnlyForDeploymentPostprocessing = 0;
			shellPath = /bin/sh;
			shellScript = "\"${SRCROOT}/Pods/Target Support Files/Pods-BestToBiz/Pods-BestToBiz-frameworks.sh\"\n";
			showEnvVarsInLog = 0;
		};
		82E5E75121982FE0C81DC4A6 /* [CP] Copy Pods Resources */ = {
			isa = PBXShellScriptBuildPhase;
			buildActionMask = 2147483647;
			files = (
			);
			inputPaths = (
			);
			name = "[CP] Copy Pods Resources";
			outputPaths = (
			);
			runOnlyForDeploymentPostprocessing = 0;
			shellPath = /bin/sh;
			shellScript = "\"${SRCROOT}/Pods/Target Support Files/Pods-BestToBiz/Pods-BestToBiz-resources.sh\"\n";
			showEnvVarsInLog = 0;
		};
/* End PBXShellScriptBuildPhase section */

/* Begin PBXSourcesBuildPhase section */
		85B1F1F3205C1C24001E8F76 /* Sources */ = {
			isa = PBXSourcesBuildPhase;
			buildActionMask = 2147483647;
			files = (
				85B1F214205C1D7A001E8F76 /* BBNetworkManager.swift in Sources */,
				85B1F1FD205C1C24001E8F76 /* ViewController.swift in Sources */,
				85B1F1FB205C1C24001E8F76 /* AppDelegate.swift in Sources */,
				85B1F216205C1D9B001E8F76 /* BBFacebookManager.swift in Sources */,
			);
			runOnlyForDeploymentPostprocessing = 0;
		};
/* End PBXSourcesBuildPhase section */

/* Begin PBXVariantGroup section */
		85B1F1FE205C1C24001E8F76 /* Main.storyboard */ = {
			isa = PBXVariantGroup;
			children = (
				85B1F1FF205C1C24001E8F76 /* Base */,
			);
			name = Main.storyboard;
			sourceTree = "<group>";
		};
		85B1F203205C1C24001E8F76 /* LaunchScreen.storyboard */ = {
			isa = PBXVariantGroup;
			children = (
				85B1F204205C1C24001E8F76 /* Base */,
			);
			name = LaunchScreen.storyboard;
			sourceTree = "<group>";
		};
/* End PBXVariantGroup section */

/* Begin XCBuildConfiguration section */
		85B1F207205C1C24001E8F76 /* Debug */ = {
			isa = XCBuildConfiguration;
			buildSettings = {
				ALWAYS_SEARCH_USER_PATHS = NO;
				CLANG_ANALYZER_NONNULL = YES;
				CLANG_ANALYZER_NUMBER_OBJECT_CONVERSION = YES_AGGRESSIVE;
				CLANG_CXX_LANGUAGE_STANDARD = "gnu++14";
				CLANG_CXX_LIBRARY = "libc++";
				CLANG_ENABLE_MODULES = YES;
				CLANG_ENABLE_OBJC_ARC = YES;
				CLANG_WARN_BLOCK_CAPTURE_AUTORELEASING = YES;
				CLANG_WARN_BOOL_CONVERSION = YES;
				CLANG_WARN_COMMA = YES;
				CLANG_WARN_CONSTANT_CONVERSION = YES;
				CLANG_WARN_DIRECT_OBJC_ISA_USAGE = YES_ERROR;
				CLANG_WARN_DOCUMENTATION_COMMENTS = YES;
				CLANG_WARN_EMPTY_BODY = YES;
				CLANG_WARN_ENUM_CONVERSION = YES;
				CLANG_WARN_INFINITE_RECURSION = YES;
				CLANG_WARN_INT_CONVERSION = YES;
				CLANG_WARN_NON_LITERAL_NULL_CONVERSION = YES;
				CLANG_WARN_OBJC_LITERAL_CONVERSION = YES;
				CLANG_WARN_OBJC_ROOT_CLASS = YES_ERROR;
				CLANG_WARN_RANGE_LOOP_ANALYSIS = YES;
				CLANG_WARN_STRICT_PROTOTYPES = YES;
				CLANG_WARN_SUSPICIOUS_MOVE = YES;
				CLANG_WARN_UNGUARDED_AVAILABILITY = YES_AGGRESSIVE;
				CLANG_WARN_UNREACHABLE_CODE = YES;
				CLANG_WARN__DUPLICATE_METHOD_MATCH = YES;
				CODE_SIGN_IDENTITY = "iPhone Developer";
				COPY_PHASE_STRIP = NO;
				DEBUG_INFORMATION_FORMAT = dwarf;
				ENABLE_STRICT_OBJC_MSGSEND = YES;
				ENABLE_TESTABILITY = YES;
				GCC_C_LANGUAGE_STANDARD = gnu11;
				GCC_DYNAMIC_NO_PIC = NO;
				GCC_NO_COMMON_BLOCKS = YES;
				GCC_OPTIMIZATION_LEVEL = 0;
				GCC_PREPROCESSOR_DEFINITIONS = (
					"DEBUG=1",
					"$(inherited)",
				);
				GCC_WARN_64_TO_32_BIT_CONVERSION = YES;
				GCC_WARN_ABOUT_RETURN_TYPE = YES_ERROR;
				GCC_WARN_UNDECLARED_SELECTOR = YES;
				GCC_WARN_UNINITIALIZED_AUTOS = YES_AGGRESSIVE;
				GCC_WARN_UNUSED_FUNCTION = YES;
				GCC_WARN_UNUSED_VARIABLE = YES;
				IPHONEOS_DEPLOYMENT_TARGET = 11.2;
				MTL_ENABLE_DEBUG_INFO = YES;
				ONLY_ACTIVE_ARCH = YES;
				SDKROOT = iphoneos;
				SWIFT_ACTIVE_COMPILATION_CONDITIONS = DEBUG;
				SWIFT_OPTIMIZATION_LEVEL = "-Onone";
			};
			name = Debug;
		};
		85B1F208205C1C24001E8F76 /* Release */ = {
			isa = XCBuildConfiguration;
			buildSettings = {
				ALWAYS_SEARCH_USER_PATHS = NO;
				CLANG_ANALYZER_NONNULL = YES;
				CLANG_ANALYZER_NUMBER_OBJECT_CONVERSION = YES_AGGRESSIVE;
				CLANG_CXX_LANGUAGE_STANDARD = "gnu++14";
				CLANG_CXX_LIBRARY = "libc++";
				CLANG_ENABLE_MODULES = YES;
				CLANG_ENABLE_OBJC_ARC = YES;
				CLANG_WARN_BLOCK_CAPTURE_AUTORELEASING = YES;
				CLANG_WARN_BOOL_CONVERSION = YES;
				CLANG_WARN_COMMA = YES;
				CLANG_WARN_CONSTANT_CONVERSION = YES;
				CLANG_WARN_DIRECT_OBJC_ISA_USAGE = YES_ERROR;
				CLANG_WARN_DOCUMENTATION_COMMENTS = YES;
				CLANG_WARN_EMPTY_BODY = YES;
				CLANG_WARN_ENUM_CONVERSION = YES;
				CLANG_WARN_INFINITE_RECURSION = YES;
				CLANG_WARN_INT_CONVERSION = YES;
				CLANG_WARN_NON_LITERAL_NULL_CONVERSION = YES;
				CLANG_WARN_OBJC_LITERAL_CONVERSION = YES;
				CLANG_WARN_OBJC_ROOT_CLASS = YES_ERROR;
				CLANG_WARN_RANGE_LOOP_ANALYSIS = YES;
				CLANG_WARN_STRICT_PROTOTYPES = YES;
				CLANG_WARN_SUSPICIOUS_MOVE = YES;
				CLANG_WARN_UNGUARDED_AVAILABILITY = YES_AGGRESSIVE;
				CLANG_WARN_UNREACHABLE_CODE = YES;
				CLANG_WARN__DUPLICATE_METHOD_MATCH = YES;
				CODE_SIGN_IDENTITY = "iPhone Developer";
				COPY_PHASE_STRIP = NO;
				DEBUG_INFORMATION_FORMAT = "dwarf-with-dsym";
				ENABLE_NS_ASSERTIONS = NO;
				ENABLE_STRICT_OBJC_MSGSEND = YES;
				GCC_C_LANGUAGE_STANDARD = gnu11;
				GCC_NO_COMMON_BLOCKS = YES;
				GCC_WARN_64_TO_32_BIT_CONVERSION = YES;
				GCC_WARN_ABOUT_RETURN_TYPE = YES_ERROR;
				GCC_WARN_UNDECLARED_SELECTOR = YES;
				GCC_WARN_UNINITIALIZED_AUTOS = YES_AGGRESSIVE;
				GCC_WARN_UNUSED_FUNCTION = YES;
				GCC_WARN_UNUSED_VARIABLE = YES;
				IPHONEOS_DEPLOYMENT_TARGET = 11.2;
				MTL_ENABLE_DEBUG_INFO = NO;
				SDKROOT = iphoneos;
				SWIFT_OPTIMIZATION_LEVEL = "-Owholemodule";
				VALIDATE_PRODUCT = YES;
			};
			name = Release;
		};
		85B1F20A205C1C24001E8F76 /* Debug */ = {
			isa = XCBuildConfiguration;
			baseConfigurationReference = 5B48F5B1D9CA1699BF91EE52 /* Pods-BestToBiz.debug.xcconfig */;
			buildSettings = {
				ASSETCATALOG_COMPILER_APPICON_NAME = AppIcon;
				CODE_SIGN_STYLE = Automatic;
				DEVELOPMENT_TEAM = D7BCEBCF9Z;
				INFOPLIST_FILE = BestToBiz/Info.plist;
				IPHONEOS_DEPLOYMENT_TARGET = 10.0;
				LD_RUNPATH_SEARCH_PATHS = "$(inherited) @executable_path/Frameworks";
				PRODUCT_BUNDLE_IDENTIFIER = com.Gemicle.BestToBiz;
				PRODUCT_NAME = "$(TARGET_NAME)";
				SWIFT_VERSION = 4.0;
				TARGETED_DEVICE_FAMILY = 1;
			};
			name = Debug;
		};
		85B1F20B205C1C24001E8F76 /* Release */ = {
			isa = XCBuildConfiguration;
			baseConfigurationReference = 5DAE6AB444083D391CF50C0D /* Pods-BestToBiz.release.xcconfig */;
			buildSettings = {
				ASSETCATALOG_COMPILER_APPICON_NAME = AppIcon;
				CODE_SIGN_STYLE = Automatic;
				DEVELOPMENT_TEAM = D7BCEBCF9Z;
				INFOPLIST_FILE = BestToBiz/Info.plist;
				IPHONEOS_DEPLOYMENT_TARGET = 10.0;
				LD_RUNPATH_SEARCH_PATHS = "$(inherited) @executable_path/Frameworks";
				PRODUCT_BUNDLE_IDENTIFIER = com.Gemicle.BestToBiz;
				PRODUCT_NAME = "$(TARGET_NAME)";
				SWIFT_VERSION = 4.0;
				TARGETED_DEVICE_FAMILY = 1;
			};
			name = Release;
		};
/* End XCBuildConfiguration section */

/* Begin XCConfigurationList section */
		85B1F1F2205C1C24001E8F76 /* Build configuration list for PBXProject "BestToBiz" */ = {
			isa = XCConfigurationList;
			buildConfigurations = (
				85B1F207205C1C24001E8F76 /* Debug */,
				85B1F208205C1C24001E8F76 /* Release */,
			);
			defaultConfigurationIsVisible = 0;
			defaultConfigurationName = Release;
		};
		85B1F209205C1C24001E8F76 /* Build configuration list for PBXNativeTarget "BestToBiz" */ = {
			isa = XCConfigurationList;
			buildConfigurations = (
				85B1F20A205C1C24001E8F76 /* Debug */,
				85B1F20B205C1C24001E8F76 /* Release */,
			);
			defaultConfigurationIsVisible = 0;
			defaultConfigurationName = Release;
		};
/* End XCConfigurationList section */
	};
	rootObject = 85B1F1EF205C1C24001E8F76 /* Project object */;
}
